
Microsoft Visual Studio Solution File, Format Version 12.00
# Visual Studio Version 17
VisualStudioVersion = 17.8.34322.80
MinimumVisualStudioVersion = 10.0.40219.1
Project("{9A19103F-16F7-4668-BE54-9A1E7A4F7556}") = "Flow.PDFView", "FlowPDFView\Flow.PDFView.csproj", "{007FCEF4-E04D-40D2-904D-41EC1CD4DC61}"
EndProject
Project("{FAE04EC0-301F-11D3-BF4B-00C04F79EFBC}") = "ExampleMauiApp", "ExampleMauiApp\ExampleMauiApp.csproj", "{0AEF798E-FD71-43CD-902B-5752C74D58D3}"
EndProject
Project("{FAE04EC0-301F-11D3-BF4B-00C04F79EFBC}") = "Flow.PDFView.Core", "Flow.PDFView.Core\Flow.PDFView.Core.csproj", "{7F979CC0-B8F1-4DD1-AB86-5A676E06FB8C}"
EndProject
Global
	GlobalSection(SolutionConfigurationPlatforms) = preSolution
		Debug|Any CPU = Debug|Any CPU
		Debug|x64 = Debug|x64
		Debug|x86 = Debug|x86
		Release|Any CPU = Release|Any CPU
		Release|x64 = Release|x64
		Release|x86 = Release|x86
	EndGlobalSection
	GlobalSection(ProjectConfigurationPlatforms) = postSolution
		{007FCEF4-E04D-40D2-904D-41EC1CD4DC61}.Debug|Any CPU.ActiveCfg = Debug|Any CPU
		{007FCEF4-E04D-40D2-904D-41EC1CD4DC61}.Debug|Any CPU.Build.0 = Debug|Any CPU
		{007FCEF4-E04D-40D2-904D-41EC1CD4DC61}.Debug|x64.ActiveCfg = Debug|Any CPU
		{007FCEF4-E04D-40D2-904D-41EC1CD4DC61}.Debug|x64.Build.0 = Debug|Any CPU
		{007FCEF4-E04D-40D2-904D-41EC1CD4DC61}.Debug|x86.ActiveCfg = Debug|Any CPU
		{007FCEF4-E04D-40D2-904D-41EC1CD4DC61}.Debug|x86.Build.0 = Debug|Any CPU
		{007FCEF4-E04D-40D2-904D-41EC1CD4DC61}.Release|Any CPU.ActiveCfg = Release|Any CPU
		{007FCEF4-E04D-40D2-904D-41EC1CD4DC61}.Release|Any CPU.Build.0 = Release|Any CPU
		{007FCEF4-E04D-40D2-904D-41EC1CD4DC61}.Release|x64.ActiveCfg = Release|Any CPU
		{007FCEF4-E04D-40D2-904D-41EC1CD4DC61}.Release|x64.Build.0 = Release|Any CPU
		{007FCEF4-E04D-40D2-904D-41EC1CD4DC61}.Release|x86.ActiveCfg = Release|Any CPU
		{007FCEF4-E04D-40D2-904D-41EC1CD4DC61}.Release|x86.Build.0 = Release|Any CPU
		{0AEF798E-FD71-43CD-902B-5752C74D58D3}.Debug|Any CPU.ActiveCfg = Debug|Any CPU
		{0AEF798E-FD71-43CD-902B-5752C74D58D3}.Debug|Any CPU.Build.0 = Debug|Any CPU
		{0AEF798E-FD71-43CD-902B-5752C74D58D3}.Debug|x64.ActiveCfg = Debug|Any CPU
		{0AEF798E-FD71-43CD-902B-5752C74D58D3}.Debug|x64.Build.0 = Debug|Any CPU
		{0AEF798E-FD71-43CD-902B-5752C74D58D3}.Debug|x86.ActiveCfg = Debug|Any CPU
		{0AEF798E-FD71-43CD-902B-5752C74D58D3}.Debug|x86.Build.0 = Debug|Any CPU
		{0AEF798E-FD71-43CD-902B-5752C74D58D3}.Release|Any CPU.ActiveCfg = Release|Any CPU
		{0AEF798E-FD71-43CD-902B-5752C74D58D3}.Release|Any CPU.Build.0 = Release|Any CPU
		{0AEF798E-FD71-43CD-902B-5752C74D58D3}.Release|x64.ActiveCfg = Release|Any CPU
		{0AEF798E-FD71-43CD-902B-5752C74D58D3}.Release|x64.Build.0 = Release|Any CPU
		{0AEF798E-FD71-43CD-902B-5752C74D58D3}.Release|x86.ActiveCfg = Release|Any CPU
		{0AEF798E-FD71-43CD-902B-5752C74D58D3}.Release|x86.Build.0 = Release|Any CPU
		{7F979CC0-B8F1-4DD1-AB86-5A676E06FB8C}.Debug|Any CPU.ActiveCfg = Debug|Any CPU
		{7F979CC0-B8F1-4DD1-AB86-5A676E06FB8C}.Debug|Any CPU.Build.0 = Debug|Any CPU
		{7F979CC0-B8F1-4DD1-AB86-5A676E06FB8C}.Debug|x64.ActiveCfg = Debug|Any CPU
		{7F979CC0-B8F1-4DD1-AB86-5A676E06FB8C}.Debug|x64.Build.0 = Debug|Any CPU
		{7F979CC0-B8F1-4DD1-AB86-5A676E06FB8C}.Debug|x86.ActiveCfg = Debug|Any CPU
		{7F979CC0-B8F1-4DD1-AB86-5A676E06FB8C}.Debug|x86.Build.0 = Debug|Any CPU
		{7F979CC0-B8F1-4DD1-AB86-5A676E06FB8C}.Release|Any CPU.ActiveCfg = Release|Any CPU
		{7F979CC0-B8F1-4DD1-AB86-5A676E06FB8C}.Release|Any CPU.Build.0 = Release|Any CPU
		{7F979CC0-B8F1-4DD1-AB86-5A676E06FB8C}.Release|x64.ActiveCfg = Release|Any CPU
		{7F979CC0-B8F1-4DD1-AB86-5A676E06FB8C}.Release|x64.Build.0 = Release|Any CPU
		{7F979CC0-B8F1-4DD1-AB86-5A676E06FB8C}.Release|x86.ActiveCfg = Release|Any CPU
		{7F979CC0-B8F1-4DD1-AB86-5A676E06FB8C}.Release|x86.Build.0 = Release|Any CPU
	EndGlobalSection
	GlobalSection(SolutionProperties) = preSolution
		HideSolutionNode = FALSE
	EndGlobalSection
	GlobalSection(ExtensibilityGlobals) = postSolution
		SolutionGuid = {8B8CF720-5BED-4CD1-96BE-B9C7D7F4AF15}
	EndGlobalSection
EndGlobal
